
Microsoft Visual Studio Solution File, Format Version 12.00
# Visual Studio Version 17
VisualStudioVersion = 17.5.33627.172
MinimumVisualStudioVersion = 10.0.40219.1
Project("{9A19103F-16F7-4668-BE54-9A1E7A4F7556}") = "BookStoreWeb", "BookStoreWeb\BookStoreWeb.csproj", "{DC197EF8-5CC6-4D51-A9A6-FF29CAFBE4A2}"
EndProject
Project("{9A19103F-16F7-4668-BE54-9A1E7A4F7556}") = "BookStore.DataAccess", "BookStore.DataAccess\BookStore.DataAccess.csproj", "{C1FBA20C-281B-4ADB-A26A-D212427F3F74}"
EndProject
Project("{9A19103F-16F7-4668-BE54-9A1E7A4F7556}") = "BookStore.Utility", "BookStore.Utility\BookStore.Utility.csproj", "{913A2B82-DE2D-45A4-9D18-83C656699AF5}"
EndProject
Project("{9A19103F-16F7-4668-BE54-9A1E7A4F7556}") = "BookStore.Models", "BookStore.Models\BookStore.Models.csproj", "{8063740F-E167-4AA3-A10C-C509B65A8F90}"
EndProject
Project("{2150E333-8FDC-42A3-9474-1A3956D46DE8}") = "Solution Items", "Solution Items", "{7A422CF0-7A17-40C9-BA82-3574F13B8B5E}"
	ProjectSection(SolutionItems) = preProject
		README.md = README.md
	EndProjectSection
EndProject
Global
	GlobalSection(SolutionConfigurationPlatforms) = preSolution
		Debug|Any CPU = Debug|Any CPU
		Release|Any CPU = Release|Any CPU
	EndGlobalSection
	GlobalSection(ProjectConfigurationPlatforms) = postSolution
		{DC197EF8-5CC6-4D51-A9A6-FF29CAFBE4A2}.Debug|Any CPU.ActiveCfg = Debug|Any CPU
		{DC197EF8-5CC6-4D51-A9A6-FF29CAFBE4A2}.Debug|Any CPU.Build.0 = Debug|Any CPU
		{DC197EF8-5CC6-4D51-A9A6-FF29CAFBE4A2}.Release|Any CPU.ActiveCfg = Release|Any CPU
		{DC197EF8-5CC6-4D51-A9A6-FF29CAFBE4A2}.Release|Any CPU.Build.0 = Release|Any CPU
		{C1FBA20C-281B-4ADB-A26A-D212427F3F74}.Debug|Any CPU.ActiveCfg = Debug|Any CPU
		{C1FBA20C-281B-4ADB-A26A-D212427F3F74}.Debug|Any CPU.Build.0 = Debug|Any CPU
		{C1FBA20C-281B-4ADB-A26A-D212427F3F74}.Release|Any CPU.ActiveCfg = Release|Any CPU
		{C1FBA20C-281B-4ADB-A26A-D212427F3F74}.Release|Any CPU.Build.0 = Release|Any CPU
		{913A2B82-DE2D-45A4-9D18-83C656699AF5}.Debug|Any CPU.ActiveCfg = Debug|Any CPU
		{913A2B82-DE2D-45A4-9D18-83C656699AF5}.Debug|Any CPU.Build.0 = Debug|Any CPU
		{913A2B82-DE2D-45A4-9D18-83C656699AF5}.Release|Any CPU.ActiveCfg = Release|Any CPU
		{913A2B82-DE2D-45A4-9D18-83C656699AF5}.Release|Any CPU.Build.0 = Release|Any CPU
		{8063740F-E167-4AA3-A10C-C509B65A8F90}.Debug|Any CPU.ActiveCfg = Debug|Any CPU
		{8063740F-E167-4AA3-A10C-C509B65A8F90}.Debug|Any CPU.Build.0 = Debug|Any CPU
		{8063740F-E167-4AA3-A10C-C509B65A8F90}.Release|Any CPU.ActiveCfg = Release|Any CPU
		{8063740F-E167-4AA3-A10C-C509B65A8F90}.Release|Any CPU.Build.0 = Release|Any CPU
	EndGlobalSection
	GlobalSection(SolutionProperties) = preSolution
		HideSolutionNode = FALSE
	EndGlobalSection
	GlobalSection(ExtensibilityGlobals) = postSolution
		SolutionGuid = {20A635ED-0898-4167-96A6-F90FFC62D8B9}
	EndGlobalSection
EndGlobal
